
Microsoft Visual Studio Solution File, Format Version 12.00
# Visual Studio 15
VisualStudioVersion = 15.0.28307.271
MinimumVisualStudioVersion = 10.0.40219.1
Project("{FAE04EC0-301F-11D3-BF4B-00C04F79EFBC}") = "MineSweeper", "MindSweeper\MineSweeper.csproj", "{68D694BF-9E01-46E7-833E-32CD413C7D66}"
EndProject
Project("{FAE04EC0-301F-11D3-BF4B-00C04F79EFBC}") = "MineSweeperTests", "MineSweeperTests\MineSweeperTests.csproj", "{FF6E461F-CD7A-4FE6-BA42-E573C29BAA3B}"
EndProject
Project("{2150E333-8FDC-42A3-9474-1A3956D46DE8}") = "01_MineSweeper", "01_MineSweeper", "{C8B82B2E-F727-4C8C-B3D3-1A1511F09832}"
EndProject
Project("{2150E333-8FDC-42A3-9474-1A3956D46DE8}") = "02_GameOfLife", "02_GameOfLife", "{3630DF36-788C-46CC-BEE2-1063366B75EE}"
EndProject
Project("{FAE04EC0-301F-11D3-BF4B-00C04F79EFBC}") = "GameOfLife", "GameOfLife\GameOfLife.csproj", "{61DB37C2-7131-4B4D-B594-555B734EB531}"
EndProject
Project("{FAE04EC0-301F-11D3-BF4B-00C04F79EFBC}") = "GameOfLife.Tests", "GameOfLife.Tests\GameOfLife.Tests.csproj", "{C503FBCB-6FBF-4449-8A35-43D6C63B22F2}"
EndProject
Project("{2150E333-8FDC-42A3-9474-1A3956D46DE8}") = "03_Reversi", "03_Reversi", "{4628BCF2-56E2-42C2-A60C-1AF89D3478A5}"
EndProject
Project("{FAE04EC0-301F-11D3-BF4B-00C04F79EFBC}") = "Reversi", "Reversi\Reversi.csproj", "{2E4A24C9-6C0E-4D97-A73C-6FDA0FFBF5E5}"
EndProject
Project("{FAE04EC0-301F-11D3-BF4B-00C04F79EFBC}") = "Reversi.Tests", "Reversi.Tests\Reversi.Tests.csproj", "{8AF9CC6D-0A2A-4CF4-872F-6E5C5FE2692B}"
EndProject
Global
	GlobalSection(SolutionConfigurationPlatforms) = preSolution
		Debug|Any CPU = Debug|Any CPU
		Release|Any CPU = Release|Any CPU
	EndGlobalSection
	GlobalSection(ProjectConfigurationPlatforms) = postSolution
		{68D694BF-9E01-46E7-833E-32CD413C7D66}.Debug|Any CPU.ActiveCfg = Debug|Any CPU
		{68D694BF-9E01-46E7-833E-32CD413C7D66}.Debug|Any CPU.Build.0 = Debug|Any CPU
		{68D694BF-9E01-46E7-833E-32CD413C7D66}.Release|Any CPU.ActiveCfg = Release|Any CPU
		{68D694BF-9E01-46E7-833E-32CD413C7D66}.Release|Any CPU.Build.0 = Release|Any CPU
		{FF6E461F-CD7A-4FE6-BA42-E573C29BAA3B}.Debug|Any CPU.ActiveCfg = Debug|Any CPU
		{FF6E461F-CD7A-4FE6-BA42-E573C29BAA3B}.Debug|Any CPU.Build.0 = Debug|Any CPU
		{FF6E461F-CD7A-4FE6-BA42-E573C29BAA3B}.Release|Any CPU.ActiveCfg = Release|Any CPU
		{FF6E461F-CD7A-4FE6-BA42-E573C29BAA3B}.Release|Any CPU.Build.0 = Release|Any CPU
		{61DB37C2-7131-4B4D-B594-555B734EB531}.Debug|Any CPU.ActiveCfg = Debug|Any CPU
		{61DB37C2-7131-4B4D-B594-555B734EB531}.Debug|Any CPU.Build.0 = Debug|Any CPU
		{61DB37C2-7131-4B4D-B594-555B734EB531}.Release|Any CPU.ActiveCfg = Release|Any CPU
		{61DB37C2-7131-4B4D-B594-555B734EB531}.Release|Any CPU.Build.0 = Release|Any CPU
		{C503FBCB-6FBF-4449-8A35-43D6C63B22F2}.Debug|Any CPU.ActiveCfg = Debug|Any CPU
		{C503FBCB-6FBF-4449-8A35-43D6C63B22F2}.Debug|Any CPU.Build.0 = Debug|Any CPU
		{C503FBCB-6FBF-4449-8A35-43D6C63B22F2}.Release|Any CPU.ActiveCfg = Release|Any CPU
		{C503FBCB-6FBF-4449-8A35-43D6C63B22F2}.Release|Any CPU.Build.0 = Release|Any CPU
		{2E4A24C9-6C0E-4D97-A73C-6FDA0FFBF5E5}.Debug|Any CPU.ActiveCfg = Debug|Any CPU
		{2E4A24C9-6C0E-4D97-A73C-6FDA0FFBF5E5}.Debug|Any CPU.Build.0 = Debug|Any CPU
		{2E4A24C9-6C0E-4D97-A73C-6FDA0FFBF5E5}.Release|Any CPU.ActiveCfg = Release|Any CPU
		{2E4A24C9-6C0E-4D97-A73C-6FDA0FFBF5E5}.Release|Any CPU.Build.0 = Release|Any CPU
		{8AF9CC6D-0A2A-4CF4-872F-6E5C5FE2692B}.Debug|Any CPU.ActiveCfg = Debug|Any CPU
		{8AF9CC6D-0A2A-4CF4-872F-6E5C5FE2692B}.Debug|Any CPU.Build.0 = Debug|Any CPU
		{8AF9CC6D-0A2A-4CF4-872F-6E5C5FE2692B}.Release|Any CPU.ActiveCfg = Release|Any CPU
		{8AF9CC6D-0A2A-4CF4-872F-6E5C5FE2692B}.Release|Any CPU.Build.0 = Release|Any CPU
	EndGlobalSection
	GlobalSection(SolutionProperties) = preSolution
		HideSolutionNode = FALSE
	EndGlobalSection
	GlobalSection(NestedProjects) = preSolution
		{68D694BF-9E01-46E7-833E-32CD413C7D66} = {C8B82B2E-F727-4C8C-B3D3-1A1511F09832}
		{FF6E461F-CD7A-4FE6-BA42-E573C29BAA3B} = {C8B82B2E-F727-4C8C-B3D3-1A1511F09832}
		{61DB37C2-7131-4B4D-B594-555B734EB531} = {3630DF36-788C-46CC-BEE2-1063366B75EE}
		{C503FBCB-6FBF-4449-8A35-43D6C63B22F2} = {3630DF36-788C-46CC-BEE2-1063366B75EE}
		{2E4A24C9-6C0E-4D97-A73C-6FDA0FFBF5E5} = {4628BCF2-56E2-42C2-A60C-1AF89D3478A5}
		{8AF9CC6D-0A2A-4CF4-872F-6E5C5FE2692B} = {4628BCF2-56E2-42C2-A60C-1AF89D3478A5}
	EndGlobalSection
	GlobalSection(ExtensibilityGlobals) = postSolution
		SolutionGuid = {170F85D8-55C4-4E31-8CE5-21B4269D708E}
	EndGlobalSection
EndGlobal
